
Microsoft Visual Studio Solution File, Format Version 12.00
# Visual Studio Version 17
VisualStudioVersion = 17.10.35027.167
MinimumVisualStudioVersion = 10.0.40219.1
Project("{9A19103F-16F7-4668-BE54-9A1E7A4F7556}") = "DotNetTool", "DotNetTool\DotNetTool.csproj", "{0D191F94-0F11-40C9-9D02-D213607EDF51}"
EndProject
Project("{9A19103F-16F7-4668-BE54-9A1E7A4F7556}") = "DotNetTool.Browser", "DotNetTool.Browser\DotNetTool.Browser.csproj", "{C285072B-5ED9-4280-8444-FE6E8C9E5AE5}"
EndProject
Project("{9A19103F-16F7-4668-BE54-9A1E7A4F7556}") = "DotNetTool.Desktop", "DotNetTool.Desktop\DotNetTool.Desktop.csproj", "{744DB70A-374C-4C99-B894-CEB40C3DB09F}"
EndProject
Global
	GlobalSection(SolutionConfigurationPlatforms) = preSolution
		Debug|Any CPU = Debug|Any CPU
		Release|Any CPU = Release|Any CPU
	EndGlobalSection
	GlobalSection(ProjectConfigurationPlatforms) = postSolution
		{0D191F94-0F11-40C9-9D02-D213607EDF51}.Debug|Any CPU.ActiveCfg = Debug|Any CPU
		{0D191F94-0F11-40C9-9D02-D213607EDF51}.Debug|Any CPU.Build.0 = Debug|Any CPU
		{0D191F94-0F11-40C9-9D02-D213607EDF51}.Release|Any CPU.ActiveCfg = Release|Any CPU
		{0D191F94-0F11-40C9-9D02-D213607EDF51}.Release|Any CPU.Build.0 = Release|Any CPU
		{C285072B-5ED9-4280-8444-FE6E8C9E5AE5}.Debug|Any CPU.ActiveCfg = Debug|Any CPU
		{C285072B-5ED9-4280-8444-FE6E8C9E5AE5}.Debug|Any CPU.Build.0 = Debug|Any CPU
		{C285072B-5ED9-4280-8444-FE6E8C9E5AE5}.Release|Any CPU.ActiveCfg = Release|Any CPU
		{C285072B-5ED9-4280-8444-FE6E8C9E5AE5}.Release|Any CPU.Build.0 = Release|Any CPU
		{744DB70A-374C-4C99-B894-CEB40C3DB09F}.Debug|Any CPU.ActiveCfg = Debug|Any CPU
		{744DB70A-374C-4C99-B894-CEB40C3DB09F}.Debug|Any CPU.Build.0 = Debug|Any CPU
		{744DB70A-374C-4C99-B894-CEB40C3DB09F}.Release|Any CPU.ActiveCfg = Release|Any CPU
		{744DB70A-374C-4C99-B894-CEB40C3DB09F}.Release|Any CPU.Build.0 = Release|Any CPU
	EndGlobalSection
	GlobalSection(SolutionProperties) = preSolution
		HideSolutionNode = FALSE
	EndGlobalSection
	GlobalSection(ExtensibilityGlobals) = postSolution
		SolutionGuid = {2D2FDCDA-BA78-4DE8-AB9F-3019CA2F2440}
	EndGlobalSection
EndGlobal
